// !$*UTF8*$!
{
	archiveVersion = 1;
	classes = {
	};
	objectVersion = 55;
	objects = {

/* Begin PBXBuildFile section */
		765CC87588ABC5603D0A7DFD /* Pods_MapTutorial.framework in Frameworks */ = {isa = PBXBuildFile; fileRef = F1532F334D2951F21DA1E23D /* Pods_MapTutorial.framework */; };
		D03655EB28F6CCAD00F1D617 /* Map2ViewController.swift in Sources */ = {isa = PBXBuildFile; fileRef = D03655EA28F6CCAD00F1D617 /* Map2ViewController.swift */; };
		D0BAA77E2905052E0042D11F /* RembViewController.swift in Sources */ = {isa = PBXBuildFile; fileRef = D0BAA77D2905052E0042D11F /* RembViewController.swift */; };
		D0BBBD2C28F55A75007BF955 /* AppDelegate.swift in Sources */ = {isa = PBXBuildFile; fileRef = D0BBBD2B28F55A75007BF955 /* AppDelegate.swift */; };
		D0BBBD3028F55A75007BF955 /* ViewController.swift in Sources */ = {isa = PBXBuildFile; fileRef = D0BBBD2F28F55A75007BF955 /* ViewController.swift */; };
		D0BBBD3328F55A75007BF955 /* Main.storyboard in Resources */ = {isa = PBXBuildFile; fileRef = D0BBBD3128F55A75007BF955 /* Main.storyboard */; };
		D0BBBD3528F55A76007BF955 /* Assets.xcassets in Resources */ = {isa = PBXBuildFile; fileRef = D0BBBD3428F55A76007BF955 /* Assets.xcassets */; };
		D0BBBD3828F55A76007BF955 /* LaunchScreen.storyboard in Resources */ = {isa = PBXBuildFile; fileRef = D0BBBD3628F55A76007BF955 /* LaunchScreen.storyboard */; };
		D0BBBD4028F55A9D007BF955 /* MapViewController.swift in Sources */ = {isa = PBXBuildFile; fileRef = D0BBBD3F28F55A9D007BF955 /* MapViewController.swift */; };
/* End PBXBuildFile section */

/* Begin PBXFileReference section */
		464241545A9B90F3F17F0B22 /* Pods-MapTutorial.debug.xcconfig */ = {isa = PBXFileReference; includeInIndex = 1; lastKnownFileType = text.xcconfig; name = "Pods-MapTutorial.debug.xcconfig"; path = "Target Support Files/Pods-MapTutorial/Pods-MapTutorial.debug.xcconfig"; sourceTree = "<group>"; };
		939061ACD4D6C6D5C5A9C440 /* Pods-MapTutorial.release.xcconfig */ = {isa = PBXFileReference; includeInIndex = 1; lastKnownFileType = text.xcconfig; name = "Pods-MapTutorial.release.xcconfig"; path = "Target Support Files/Pods-MapTutorial/Pods-MapTutorial.release.xcconfig"; sourceTree = "<group>"; };
		D03655EA28F6CCAD00F1D617 /* Map2ViewController.swift */ = {isa = PBXFileReference; lastKnownFileType = sourcecode.swift; path = Map2ViewController.swift; sourceTree = "<group>"; };
		D0BAA77D2905052E0042D11F /* RembViewController.swift */ = {isa = PBXFileReference; lastKnownFileType = sourcecode.swift; path = RembViewController.swift; sourceTree = "<group>"; };
		D0BBBD2828F55A75007BF955 /* MapTutorial.app */ = {isa = PBXFileReference; explicitFileType = wrapper.application; includeInIndex = 0; path = MapTutorial.app; sourceTree = BUILT_PRODUCTS_DIR; };
		D0BBBD2B28F55A75007BF955 /* AppDelegate.swift */ = {isa = PBXFileReference; lastKnownFileType = sourcecode.swift; path = AppDelegate.swift; sourceTree = "<group>"; };
		D0BBBD2F28F55A75007BF955 /* ViewController.swift */ = {isa = PBXFileReference; lastKnownFileType = sourcecode.swift; path = ViewController.swift; sourceTree = "<group>"; };
		D0BBBD3228F55A75007BF955 /* Base */ = {isa = PBXFileReference; lastKnownFileType = file.storyboard; name = Base; path = Base.lproj/Main.storyboard; sourceTree = "<group>"; };
		D0BBBD3428F55A76007BF955 /* Assets.xcassets */ = {isa = PBXFileReference; lastKnownFileType = folder.assetcatalog; path = Assets.xcassets; sourceTree = "<group>"; };
		D0BBBD3728F55A76007BF955 /* Base */ = {isa = PBXFileReference; lastKnownFileType = file.storyboard; name = Base; path = Base.lproj/LaunchScreen.storyboard; sourceTree = "<group>"; };
		D0BBBD3928F55A76007BF955 /* Info.plist */ = {isa = PBXFileReference; lastKnownFileType = text.plist.xml; path = Info.plist; sourceTree = "<group>"; };
		D0BBBD3F28F55A9D007BF955 /* MapViewController.swift */ = {isa = PBXFileReference; lastKnownFileType = sourcecode.swift; path = MapViewController.swift; sourceTree = "<group>"; };
		F1532F334D2951F21DA1E23D /* Pods_MapTutorial.framework */ = {isa = PBXFileReference; explicitFileType = wrapper.framework; includeInIndex = 0; path = Pods_MapTutorial.framework; sourceTree = BUILT_PRODUCTS_DIR; };
/* End PBXFileReference section */

/* Begin PBXFrameworksBuildPhase section */
		D0BBBD2528F55A75007BF955 /* Frameworks */ = {
			isa = PBXFrameworksBuildPhase;
			buildActionMask = 2147483647;
			files = (
				765CC87588ABC5603D0A7DFD /* Pods_MapTutorial.framework in Frameworks */,
			);
			runOnlyForDeploymentPostprocessing = 0;
		};
/* End PBXFrameworksBuildPhase section */

/* Begin PBXGroup section */
		95495DA0EEEA1E7494BCCAF9 /* Frameworks */ = {
			isa = PBXGroup;
			children = (
				F1532F334D2951F21DA1E23D /* Pods_MapTutorial.framework */,
			);
			name = Frameworks;
			sourceTree = "<group>";
		};
		A3002BCB30D4CA279362052E /* Pods */ = {
			isa = PBXGroup;
			children = (
				464241545A9B90F3F17F0B22 /* Pods-MapTutorial.debug.xcconfig */,
				939061ACD4D6C6D5C5A9C440 /* Pods-MapTutorial.release.xcconfig */,
			);
			path = Pods;
			sourceTree = "<group>";
		};
		D0BBBD1F28F55A75007BF955 = {
			isa = PBXGroup;
			children = (
				D0BBBD2A28F55A75007BF955 /* MapTutorial */,
				D0BBBD2928F55A75007BF955 /* Products */,
				A3002BCB30D4CA279362052E /* Pods */,
				95495DA0EEEA1E7494BCCAF9 /* Frameworks */,
			);
			sourceTree = "<group>";
		};
		D0BBBD2928F55A75007BF955 /* Products */ = {
			isa = PBXGroup;
			children = (
				D0BBBD2828F55A75007BF955 /* MapTutorial.app */,
			);
			name = Products;
			sourceTree = "<group>";
		};
		D0BBBD2A28F55A75007BF955 /* MapTutorial */ = {
			isa = PBXGroup;
			children = (
				D0BBBD3F28F55A9D007BF955 /* MapViewController.swift */,
				D03655EA28F6CCAD00F1D617 /* Map2ViewController.swift */,
				D0BBBD2B28F55A75007BF955 /* AppDelegate.swift */,
				D0BBBD2F28F55A75007BF955 /* ViewController.swift */,
				D0BBBD3128F55A75007BF955 /* Main.storyboard */,
				D0BBBD3428F55A76007BF955 /* Assets.xcassets */,
				D0BBBD3628F55A76007BF955 /* LaunchScreen.storyboard */,
				D0BBBD3928F55A76007BF955 /* Info.plist */,
				D0BAA77D2905052E0042D11F /* RembViewController.swift */,
			);
			path = MapTutorial;
			sourceTree = "<group>";
		};
/* End PBXGroup section */

/* Begin PBXNativeTarget section */
		D0BBBD2728F55A75007BF955 /* MapTutorial */ = {
			isa = PBXNativeTarget;
			buildConfigurationList = D0BBBD3C28F55A76007BF955 /* Build configuration list for PBXNativeTarget "MapTutorial" */;
			buildPhases = (
				126942DCFADA4BB90FEE9E12 /* [CP] Check Pods Manifest.lock */,
				D0BBBD2428F55A75007BF955 /* Sources */,
				D0BBBD2528F55A75007BF955 /* Frameworks */,
				D0BBBD2628F55A75007BF955 /* Resources */,
				D269D5304740E4CEEDCF63EA /* [CP] Embed Pods Frameworks */,
				014211169E8119F0256EC6AA /* [CP] Copy Pods Resources */,
			);
			buildRules = (
			);
			dependencies = (
			);
			name = MapTutorial;
			productName = MapTutorial;
			productReference = D0BBBD2828F55A75007BF955 /* MapTutorial.app */;
			productType = "com.apple.product-type.application";
		};
/* End PBXNativeTarget section */

/* Begin PBXProject section */
		D0BBBD2028F55A75007BF955 /* Project object */ = {
			isa = PBXProject;
			attributes = {
				BuildIndependentTargetsInParallel = 1;
				LastSwiftUpdateCheck = 1340;
				LastUpgradeCheck = 1340;
				TargetAttributes = {
					D0BBBD2728F55A75007BF955 = {
						CreatedOnToolsVersion = 13.4.1;
					};
				};
			};
			buildConfigurationList = D0BBBD2328F55A75007BF955 /* Build configuration list for PBXProject "MapTutorial" */;
			compatibilityVersion = "Xcode 13.0";
			developmentRegion = en;
			hasScannedForEncodings = 0;
			knownRegions = (
				en,
				Base,
			);
			mainGroup = D0BBBD1F28F55A75007BF955;
			productRefGroup = D0BBBD2928F55A75007BF955 /* Products */;
			projectDirPath = "";
			projectRoot = "";
			targets = (
				D0BBBD2728F55A75007BF955 /* MapTutorial */,
			);
		};
/* End PBXProject section */

/* Begin PBXResourcesBuildPhase section */
		D0BBBD2628F55A75007BF955 /* Resources */ = {
			isa = PBXResourcesBuildPhase;
			buildActionMask = 2147483647;
			files = (
				D0BBBD3828F55A76007BF955 /* LaunchScreen.storyboard in Resources */,
				D0BBBD3528F55A76007BF955 /* Assets.xcassets in Resources */,
				D0BBBD3328F55A75007BF955 /* Main.storyboard in Resources */,
			);
			runOnlyForDeploymentPostprocessing = 0;
		};
/* End PBXResourcesBuildPhase section */

/* Begin PBXShellScriptBuildPhase section */
		014211169E8119F0256EC6AA /* [CP] Copy Pods Resources */ = {
			isa = PBXShellScriptBuildPhase;
			buildActionMask = 2147483647;
			files = (
			);
			inputFileListPaths = (
				"${PODS_ROOT}/Target Support Files/Pods-MapTutorial/Pods-MapTutorial-resources-${CONFIGURATION}-input-files.xcfilelist",
			);
			name = "[CP] Copy Pods Resources";
			outputFileListPaths = (
				"${PODS_ROOT}/Target Support Files/Pods-MapTutorial/Pods-MapTutorial-resources-${CONFIGURATION}-output-files.xcfilelist",
			);
			runOnlyForDeploymentPostprocessing = 0;
			shellPath = /bin/sh;
			shellScript = "\"${PODS_ROOT}/Target Support Files/Pods-MapTutorial/Pods-MapTutorial-resources.sh\"\n";
			showEnvVarsInLog = 0;
		};
		126942DCFADA4BB90FEE9E12 /* [CP] Check Pods Manifest.lock */ = {
			isa = PBXShellScriptBuildPhase;
			buildActionMask = 2147483647;
			files = (
			);
			inputFileListPaths = (
			);
			inputPaths = (
				"${PODS_PODFILE_DIR_PATH}/Podfile.lock",
				"${PODS_ROOT}/Manifest.lock",
			);
			name = "[CP] Check Pods Manifest.lock";
			outputFileListPaths = (
			);
			outputPaths = (
				"$(DERIVED_FILE_DIR)/Pods-MapTutorial-checkManifestLockResult.txt",
			);
			runOnlyForDeploymentPostprocessing = 0;
			shellPath = /bin/sh;
			shellScript = "diff \"${PODS_PODFILE_DIR_PATH}/Podfile.lock\" \"${PODS_ROOT}/Manifest.lock\" > /dev/null\nif [ $? != 0 ] ; then\n    # print error to STDERR\n    echo \"error: The sandbox is not in sync with the Podfile.lock. Run 'pod install' or update your CocoaPods installation.\" >&2\n    exit 1\nfi\n# This output is used by Xcode 'outputs' to avoid re-running this script phase.\necho \"SUCCESS\" > \"${SCRIPT_OUTPUT_FILE_0}\"\n";
			showEnvVarsInLog = 0;
		};
		D269D5304740E4CEEDCF63EA /* [CP] Embed Pods Frameworks */ = {
			isa = PBXShellScriptBuildPhase;
			buildActionMask = 2147483647;
			files = (
			);
			inputFileListPaths = (
				"${PODS_ROOT}/Target Support Files/Pods-MapTutorial/Pods-MapTutorial-frameworks-${CONFIGURATION}-input-files.xcfilelist",
			);
			name = "[CP] Embed Pods Frameworks";
			outputFileListPaths = (
				"${PODS_ROOT}/Target Support Files/Pods-MapTutorial/Pods-MapTutorial-frameworks-${CONFIGURATION}-output-files.xcfilelist",
			);
			runOnlyForDeploymentPostprocessing = 0;
			shellPath = /bin/sh;
			shellScript = "\"${PODS_ROOT}/Target Support Files/Pods-MapTutorial/Pods-MapTutorial-frameworks.sh\"\n";
			showEnvVarsInLog = 0;
		};
/* End PBXShellScriptBuildPhase section */

/* Begin PBXSourcesBuildPhase section */
		D0BBBD2428F55A75007BF955 /* Sources */ = {
			isa = PBXSourcesBuildPhase;
			buildActionMask = 2147483647;
			files = (
				D0BBBD3028F55A75007BF955 /* ViewController.swift in Sources */,
				D0BBBD4028F55A9D007BF955 /* MapViewController.swift in Sources */,
				D03655EB28F6CCAD00F1D617 /* Map2ViewController.swift in Sources */,
				D0BAA77E2905052E0042D11F /* RembViewController.swift in Sources */,
				D0BBBD2C28F55A75007BF955 /* AppDelegate.swift in Sources */,
			);
			runOnlyForDeploymentPostprocessing = 0;
		};
/* End PBXSourcesBuildPhase section */

/* Begin PBXVariantGroup section */
		D0BBBD3128F55A75007BF955 /* Main.storyboard */ = {
			isa = PBXVariantGroup;
			children = (
				D0BBBD3228F55A75007BF955 /* Base */,
			);
			name = Main.storyboard;
			sourceTree = "<group>";
		};
		D0BBBD3628F55A76007BF955 /* LaunchScreen.storyboard */ = {
			isa = PBXVariantGroup;
			children = (
				D0BBBD3728F55A76007BF955 /* Base */,
			);
			name = LaunchScreen.storyboard;
			sourceTree = "<group>";
		};
/* End PBXVariantGroup section */

/* Begin XCBuildConfiguration section */
		D0BBBD3A28F55A76007BF955 /* Debug */ = {
			isa = XCBuildConfiguration;
			buildSettings = {
				ALWAYS_SEARCH_USER_PATHS = NO;
				CLANG_ANALYZER_NONNULL = YES;
				CLANG_ANALYZER_NUMBER_OBJECT_CONVERSION = YES_AGGRESSIVE;
				CLANG_CXX_LANGUAGE_STANDARD = "gnu++17";
				CLANG_ENABLE_MODULES = YES;
				CLANG_ENABLE_OBJC_ARC = YES;
				CLANG_ENABLE_OBJC_WEAK = YES;
				CLANG_WARN_BLOCK_CAPTURE_AUTORELEASING = YES;
				CLANG_WARN_BOOL_CONVERSION = YES;
				CLANG_WARN_COMMA = YES;
				CLANG_WARN_CONSTANT_CONVERSION = YES;
				CLANG_WARN_DEPRECATED_OBJC_IMPLEMENTATIONS = YES;
				CLANG_WARN_DIRECT_OBJC_ISA_USAGE = YES_ERROR;
				CLANG_WARN_DOCUMENTATION_COMMENTS = YES;
				CLANG_WARN_EMPTY_BODY = YES;
				CLANG_WARN_ENUM_CONVERSION = YES;
				CLANG_WARN_INFINITE_RECURSION = YES;
				CLANG_WARN_INT_CONVERSION = YES;
				CLANG_WARN_NON_LITERAL_NULL_CONVERSION = YES;
				CLANG_WARN_OBJC_IMPLICIT_RETAIN_SELF = YES;
				CLANG_WARN_OBJC_LITERAL_CONVERSION = YES;
				CLANG_WARN_OBJC_ROOT_CLASS = YES_ERROR;
				CLANG_WARN_QUOTED_INCLUDE_IN_FRAMEWORK_HEADER = YES;
				CLANG_WARN_RANGE_LOOP_ANALYSIS = YES;
				CLANG_WARN_STRICT_PROTOTYPES = YES;
				CLANG_WARN_SUSPICIOUS_MOVE = YES;
				CLANG_WARN_UNGUARDED_AVAILABILITY = YES_AGGRESSIVE;
				CLANG_WARN_UNREACHABLE_CODE = YES;
				CLANG_WARN__DUPLICATE_METHOD_MATCH = YES;
				COPY_PHASE_STRIP = NO;
				DEBUG_INFORMATION_FORMAT = dwarf;
				ENABLE_STRICT_OBJC_MSGSEND = YES;
				ENABLE_TESTABILITY = YES;
				GCC_C_LANGUAGE_STANDARD = gnu11;
				GCC_DYNAMIC_NO_PIC = NO;
				GCC_NO_COMMON_BLOCKS = YES;
				GCC_OPTIMIZATION_LEVEL = 0;
				GCC_PREPROCESSOR_DEFINITIONS = (
					"DEBUG=1",
					"$(inherited)",
				);
				GCC_WARN_64_TO_32_BIT_CONVERSION = YES;
				GCC_WARN_ABOUT_RETURN_TYPE = YES_ERROR;
				GCC_WARN_UNDECLARED_SELECTOR = YES;
				GCC_WARN_UNINITIALIZED_AUTOS = YES_AGGRESSIVE;
				GCC_WARN_UNUSED_FUNCTION = YES;
				GCC_WARN_UNUSED_VARIABLE = YES;
				IPHONEOS_DEPLOYMENT_TARGET = 15.5;
				MTL_ENABLE_DEBUG_INFO = INCLUDE_SOURCE;
				MTL_FAST_MATH = YES;
				ONLY_ACTIVE_ARCH = YES;
				SDKROOT = iphoneos;
				SWIFT_ACTIVE_COMPILATION_CONDITIONS = DEBUG;
				SWIFT_OPTIMIZATION_LEVEL = "-Onone";
			};
			name = Debug;
		};
		D0BBBD3B28F55A76007BF955 /* Release */ = {
			isa = XCBuildConfiguration;
			buildSettings = {
				ALWAYS_SEARCH_USER_PATHS = NO;
				CLANG_ANALYZER_NONNULL = YES;
				CLANG_ANALYZER_NUMBER_OBJECT_CONVERSION = YES_AGGRESSIVE;
				CLANG_CXX_LANGUAGE_STANDARD = "gnu++17";
				CLANG_ENABLE_MODULES = YES;
				CLANG_ENABLE_OBJC_ARC = YES;
				CLANG_ENABLE_OBJC_WEAK = YES;
				CLANG_WARN_BLOCK_CAPTURE_AUTORELEASING = YES;
				CLANG_WARN_BOOL_CONVERSION = YES;
				CLANG_WARN_COMMA = YES;
				CLANG_WARN_CONSTANT_CONVERSION = YES;
				CLANG_WARN_DEPRECATED_OBJC_IMPLEMENTATIONS = YES;
				CLANG_WARN_DIRECT_OBJC_ISA_USAGE = YES_ERROR;
				CLANG_WARN_DOCUMENTATION_COMMENTS = YES;
				CLANG_WARN_EMPTY_BODY = YES;
				CLANG_WARN_ENUM_CONVERSION = YES;
				CLANG_WARN_INFINITE_RECURSION = YES;
				CLANG_WARN_INT_CONVERSION = YES;
				CLANG_WARN_NON_LITERAL_NULL_CONVERSION = YES;
				CLANG_WARN_OBJC_IMPLICIT_RETAIN_SELF = YES;
				CLANG_WARN_OBJC_LITERAL_CONVERSION = YES;
				CLANG_WARN_OBJC_ROOT_CLASS = YES_ERROR;
				CLANG_WARN_QUOTED_INCLUDE_IN_FRAMEWORK_HEADER = YES;
				CLANG_WARN_RANGE_LOOP_ANALYSIS = YES;
				CLANG_WARN_STRICT_PROTOTYPES = YES;
				CLANG_WARN_SUSPICIOUS_MOVE = YES;
				CLANG_WARN_UNGUARDED_AVAILABILITY = YES_AGGRESSIVE;
				CLANG_WARN_UNREACHABLE_CODE = YES;
				CLANG_WARN__DUPLICATE_METHOD_MATCH = YES;
				COPY_PHASE_STRIP = NO;
				DEBUG_INFORMATION_FORMAT = "dwarf-with-dsym";
				ENABLE_NS_ASSERTIONS = NO;
				ENABLE_STRICT_OBJC_MSGSEND = YES;
				GCC_C_LANGUAGE_STANDARD = gnu11;
				GCC_NO_COMMON_BLOCKS = YES;
				GCC_WARN_64_TO_32_BIT_CONVERSION = YES;
				GCC_WARN_ABOUT_RETURN_TYPE = YES_ERROR;
				GCC_WARN_UNDECLARED_SELECTOR = YES;
				GCC_WARN_UNINITIALIZED_AUTOS = YES_AGGRESSIVE;
				GCC_WARN_UNUSED_FUNCTION = YES;
				GCC_WARN_UNUSED_VARIABLE = YES;
				IPHONEOS_DEPLOYMENT_TARGET = 15.5;
				MTL_ENABLE_DEBUG_INFO = NO;
				MTL_FAST_MATH = YES;
				SDKROOT = iphoneos;
				SWIFT_COMPILATION_MODE = wholemodule;
				SWIFT_OPTIMIZATION_LEVEL = "-O";
				VALIDATE_PRODUCT = YES;
			};
			name = Release;
		};
		D0BBBD3D28F55A76007BF955 /* Debug */ = {
			isa = XCBuildConfiguration;
			baseConfigurationReference = 464241545A9B90F3F17F0B22 /* Pods-MapTutorial.debug.xcconfig */;
			buildSettings = {
				ASSETCATALOG_COMPILER_APPICON_NAME = AppIcon;
				ASSETCATALOG_COMPILER_GLOBAL_ACCENT_COLOR_NAME = AccentColor;
				CODE_SIGN_STYLE = Automatic;
				CURRENT_PROJECT_VERSION = 1;
				DEVELOPMENT_TEAM = URWSH26L7J;
				"EXCLUDED_ARCHS[sdk=*]" = arm64;
				GENERATE_INFOPLIST_FILE = YES;
				INFOPLIST_FILE = MapTutorial/Info.plist;
				INFOPLIST_KEY_UIApplicationSupportsIndirectInputEvents = YES;
				INFOPLIST_KEY_UILaunchStoryboardName = LaunchScreen;
				INFOPLIST_KEY_UIMainStoryboardFile = Main;
				INFOPLIST_KEY_UISupportedInterfaceOrientations_iPad = "UIInterfaceOrientationPortrait UIInterfaceOrientationPortraitUpsideDown UIInterfaceOrientationLandscapeLeft UIInterfaceOrientationLandscapeRight";
				INFOPLIST_KEY_UISupportedInterfaceOrientations_iPhone = "UIInterfaceOrientationPortrait UIInterfaceOrientationLandscapeLeft UIInterfaceOrientationLandscapeRight";
				IPHONEOS_DEPLOYMENT_TARGET = 11.0;
				LD_RUNPATH_SEARCH_PATHS = (
					"$(inherited)",
					"@executable_path/Frameworks",
				);
				MARKETING_VERSION = 1.0;
				PRODUCT_BUNDLE_IDENTIFIER = uz.bob.lesson1.MapTutorial;
				PRODUCT_NAME = "$(TARGET_NAME)";
				SWIFT_EMIT_LOC_STRINGS = YES;
				SWIFT_VERSION = 5.0;
				TARGETED_DEVICE_FAMILY = "1,2";
			};
			name = Debug;
		};
		D0BBBD3E28F55A76007BF955 /* Release */ = {
			isa = XCBuildConfiguration;
			baseConfigurationReference = 939061ACD4D6C6D5C5A9C440 /* Pods-MapTutorial.release.xcconfig */;
			buildSettings = {
				ASSETCATALOG_COMPILER_APPICON_NAME = AppIcon;
				ASSETCATALOG_COMPILER_GLOBAL_ACCENT_COLOR_NAME = AccentColor;
				CODE_SIGN_STYLE = Automatic;
				CURRENT_PROJECT_VERSION = 1;
				DEVELOPMENT_TEAM = URWSH26L7J;
				"EXCLUDED_ARCHS[sdk=*]" = arm64;
				GENERATE_INFOPLIST_FILE = YES;
				INFOPLIST_FILE = MapTutorial/Info.plist;
				INFOPLIST_KEY_UIApplicationSupportsIndirectInputEvents = YES;
				INFOPLIST_KEY_UILaunchStoryboardName = LaunchScreen;
				INFOPLIST_KEY_UIMainStoryboardFile = Main;
				INFOPLIST_KEY_UISupportedInterfaceOrientations_iPad = "UIInterfaceOrientationPortrait UIInterfaceOrientationPortraitUpsideDown UIInterfaceOrientationLandscapeLeft UIInterfaceOrientationLandscapeRight";
				INFOPLIST_KEY_UISupportedInterfaceOrientations_iPhone = "UIInterfaceOrientationPortrait UIInterfaceOrientationLandscapeLeft UIInterfaceOrientationLandscapeRight";
				IPHONEOS_DEPLOYMENT_TARGET = 11.0;
				LD_RUNPATH_SEARCH_PATHS = (
					"$(inherited)",
					"@executable_path/Frameworks",
				);
				MARKETING_VERSION = 1.0;
				PRODUCT_BUNDLE_IDENTIFIER = uz.bob.lesson1.MapTutorial;
				PRODUCT_NAME = "$(TARGET_NAME)";
				SWIFT_EMIT_LOC_STRINGS = YES;
				SWIFT_VERSION = 5.0;
				TARGETED_DEVICE_FAMILY = "1,2";
			};
			name = Release;
		};
/* End XCBuildConfiguration section */

/* Begin XCConfigurationList section */
		D0BBBD2328F55A75007BF955 /* Build configuration list for PBXProject "MapTutorial" */ = {
			isa = XCConfigurationList;
			buildConfigurations = (
				D0BBBD3A28F55A76007BF955 /* Debug */,
				D0BBBD3B28F55A76007BF955 /* Release */,
			);
			defaultConfigurationIsVisible = 0;
			defaultConfigurationName = Release;
		};
		D0BBBD3C28F55A76007BF955 /* Build configuration list for PBXNativeTarget "MapTutorial" */ = {
			isa = XCConfigurationList;
			buildConfigurations = (
				D0BBBD3D28F55A76007BF955 /* Debug */,
				D0BBBD3E28F55A76007BF955 /* Release */,
			);
			defaultConfigurationIsVisible = 0;
			defaultConfigurationName = Release;
		};
/* End XCConfigurationList section */
	};
	rootObject = D0BBBD2028F55A75007BF955 /* Project object */;
}
